
Microsoft Visual Studio Solution File, Format Version 12.00
# Visual Studio Version 17
VisualStudioVersion = 17.9.34728.123
MinimumVisualStudioVersion = 10.0.40219.1
Project("{9A19103F-16F7-4668-BE54-9A1E7A4F7556}") = "TFG", "TFG\TFG.csproj", "{171D9466-B9E5-4FB1-A18E-5A6B4C90F7D3}"
EndProject
Project("{9A19103F-16F7-4668-BE54-9A1E7A4F7556}") = "Shared", "Shared\Shared.csproj", "{95212A58-AD3C-4559-A419-8A0A0C592F6F}"
EndProject
Project("{9A19103F-16F7-4668-BE54-9A1E7A4F7556}") = "Front", "Front\Front.csproj", "{D921D2F6-839E-4485-BA7C-081FA620DBAF}"
EndProject
Project("{FAE04EC0-301F-11D3-BF4B-00C04F79EFBC}") = "TFG.Aspire", "TFG.Aspire\TFG.Aspire.csproj", "{794AB774-E0B0-4AF8-8736-5F8CB29968C1}"
EndProject
Project("{FAE04EC0-301F-11D3-BF4B-00C04F79EFBC}") = "TFG.ServiceDefaults", "TFG.ServiceDefaults\TFG.ServiceDefaults.csproj", "{82DE9904-7608-499D-9C3D-9640F8984E76}"
EndProject
Project("{FAE04EC0-301F-11D3-BF4B-00C04F79EFBC}") = "TFG.SonarQubeClient", "TFG.SonarQubeClient\TFG.SonarQubeClient.csproj", "{90450735-717F-45CF-988B-191F09E35FF2}"
EndProject
Project("{2150E333-8FDC-42A3-9474-1A3956D46DE8}") = "Solution Items", "Solution Items", "{02EA681E-C7D8-13C7-8484-4AC65E1B71E8}"
	ProjectSection(SolutionItems) = preProject
		.editorconfig = .editorconfig
	EndProjectSection
EndProject
Project("{FAE04EC0-301F-11D3-BF4B-00C04F79EFBC}") = "TFG.OpenProjectClient", "TFG.OpenProjectClient\TFG.OpenProjectClient.csproj", "{2004F16C-D777-4EFE-95AD-D0460A6888F4}"
EndProject
Global
	GlobalSection(SolutionConfigurationPlatforms) = preSolution
		Debug|Any CPU = Debug|Any CPU
		Release|Any CPU = Release|Any CPU
	EndGlobalSection
	GlobalSection(ProjectConfigurationPlatforms) = postSolution
		{171D9466-B9E5-4FB1-A18E-5A6B4C90F7D3}.Debug|Any CPU.ActiveCfg = Debug|Any CPU
		{171D9466-B9E5-4FB1-A18E-5A6B4C90F7D3}.Debug|Any CPU.Build.0 = Debug|Any CPU
		{171D9466-B9E5-4FB1-A18E-5A6B4C90F7D3}.Release|Any CPU.ActiveCfg = Release|Any CPU
		{171D9466-B9E5-4FB1-A18E-5A6B4C90F7D3}.Release|Any CPU.Build.0 = Release|Any CPU
		{95212A58-AD3C-4559-A419-8A0A0C592F6F}.Debug|Any CPU.ActiveCfg = Debug|Any CPU
		{95212A58-AD3C-4559-A419-8A0A0C592F6F}.Debug|Any CPU.Build.0 = Debug|Any CPU
		{95212A58-AD3C-4559-A419-8A0A0C592F6F}.Release|Any CPU.ActiveCfg = Release|Any CPU
		{95212A58-AD3C-4559-A419-8A0A0C592F6F}.Release|Any CPU.Build.0 = Release|Any CPU
		{D921D2F6-839E-4485-BA7C-081FA620DBAF}.Debug|Any CPU.ActiveCfg = Debug|Any CPU
		{D921D2F6-839E-4485-BA7C-081FA620DBAF}.Debug|Any CPU.Build.0 = Debug|Any CPU
		{D921D2F6-839E-4485-BA7C-081FA620DBAF}.Release|Any CPU.ActiveCfg = Release|Any CPU
		{D921D2F6-839E-4485-BA7C-081FA620DBAF}.Release|Any CPU.Build.0 = Release|Any CPU
		{794AB774-E0B0-4AF8-8736-5F8CB29968C1}.Debug|Any CPU.ActiveCfg = Debug|Any CPU
		{794AB774-E0B0-4AF8-8736-5F8CB29968C1}.Debug|Any CPU.Build.0 = Debug|Any CPU
		{794AB774-E0B0-4AF8-8736-5F8CB29968C1}.Release|Any CPU.ActiveCfg = Release|Any CPU
		{794AB774-E0B0-4AF8-8736-5F8CB29968C1}.Release|Any CPU.Build.0 = Release|Any CPU
		{82DE9904-7608-499D-9C3D-9640F8984E76}.Debug|Any CPU.ActiveCfg = Debug|Any CPU
		{82DE9904-7608-499D-9C3D-9640F8984E76}.Debug|Any CPU.Build.0 = Debug|Any CPU
		{82DE9904-7608-499D-9C3D-9640F8984E76}.Release|Any CPU.ActiveCfg = Release|Any CPU
		{82DE9904-7608-499D-9C3D-9640F8984E76}.Release|Any CPU.Build.0 = Release|Any CPU
		{90450735-717F-45CF-988B-191F09E35FF2}.Debug|Any CPU.ActiveCfg = Debug|Any CPU
		{90450735-717F-45CF-988B-191F09E35FF2}.Debug|Any CPU.Build.0 = Debug|Any CPU
		{90450735-717F-45CF-988B-191F09E35FF2}.Release|Any CPU.ActiveCfg = Release|Any CPU
		{90450735-717F-45CF-988B-191F09E35FF2}.Release|Any CPU.Build.0 = Release|Any CPU
		{2004F16C-D777-4EFE-95AD-D0460A6888F4}.Debug|Any CPU.ActiveCfg = Debug|Any CPU
		{2004F16C-D777-4EFE-95AD-D0460A6888F4}.Debug|Any CPU.Build.0 = Debug|Any CPU
		{2004F16C-D777-4EFE-95AD-D0460A6888F4}.Release|Any CPU.ActiveCfg = Release|Any CPU
		{2004F16C-D777-4EFE-95AD-D0460A6888F4}.Release|Any CPU.Build.0 = Release|Any CPU
	EndGlobalSection
	GlobalSection(SolutionProperties) = preSolution
		HideSolutionNode = FALSE
	EndGlobalSection
	GlobalSection(ExtensibilityGlobals) = postSolution
		SolutionGuid = {88590990-4C15-4FBE-AC67-7DA2F115B49A}
	EndGlobalSection
EndGlobal
